// !$*UTF8*$!
{
	archiveVersion = 1;
	classes = {
	};
	objectVersion = 50;
	objects = {

/* Begin PBXBuildFile section */
		A5D554CE247BF0510014A397 /* AppDelegate.swift in Sources */ = {isa = PBXBuildFile; fileRef = A5D554CD247BF0510014A397 /* AppDelegate.swift */; };
		A5D554D0247BF0510014A397 /* SceneDelegate.swift in Sources */ = {isa = PBXBuildFile; fileRef = A5D554CF247BF0510014A397 /* SceneDelegate.swift */; };
		A5D554D2247BF0510014A397 /* ContentView.swift in Sources */ = {isa = PBXBuildFile; fileRef = A5D554D1247BF0510014A397 /* ContentView.swift */; };
		A5D554D4247BF0580014A397 /* Assets.xcassets in Resources */ = {isa = PBXBuildFile; fileRef = A5D554D3247BF0580014A397 /* Assets.xcassets */; };
		A5D554D7247BF0580014A397 /* Preview Assets.xcassets in Resources */ = {isa = PBXBuildFile; fileRef = A5D554D6247BF0580014A397 /* Preview Assets.xcassets */; };
		A5D554DA247BF0580014A397 /* LaunchScreen.storyboard in Resources */ = {isa = PBXBuildFile; fileRef = A5D554D8247BF0580014A397 /* LaunchScreen.storyboard */; };
		A5D554E5247BF0590014A397 /* MemorizeTests.swift in Sources */ = {isa = PBXBuildFile; fileRef = A5D554E4247BF0590014A397 /* MemorizeTests.swift */; };
		A5D554F0247BF0590014A397 /* MemorizeUITests.swift in Sources */ = {isa = PBXBuildFile; fileRef = A5D554EF247BF0590014A397 /* MemorizeUITests.swift */; };
		A5D554FE247DB7470014A397 /* MemoryGame.swift in Sources */ = {isa = PBXBuildFile; fileRef = A5D554FD247DB7470014A397 /* MemoryGame.swift */; };
		A5D55500247DB97A0014A397 /* EmojiMemoryGame.swift in Sources */ = {isa = PBXBuildFile; fileRef = A5D554FF247DB97A0014A397 /* EmojiMemoryGame.swift */; };
/* End PBXBuildFile section */

/* Begin PBXContainerItemProxy section */
		A5D554E1247BF0590014A397 /* PBXContainerItemProxy */ = {
			isa = PBXContainerItemProxy;
			containerPortal = A5D554C2247BF0510014A397 /* Project object */;
			proxyType = 1;
			remoteGlobalIDString = A5D554C9247BF0510014A397;
			remoteInfo = Memorize;
		};
		A5D554EC247BF0590014A397 /* PBXContainerItemProxy */ = {
			isa = PBXContainerItemProxy;
			containerPortal = A5D554C2247BF0510014A397 /* Project object */;
			proxyType = 1;
			remoteGlobalIDString = A5D554C9247BF0510014A397;
			remoteInfo = Memorize;
		};
/* End PBXContainerItemProxy section */

/* Begin PBXFileReference section */
		A5D554CA247BF0510014A397 /* Memorize.app */ = {isa = PBXFileReference; explicitFileType = wrapper.application; includeInIndex = 0; path = Memorize.app; sourceTree = BUILT_PRODUCTS_DIR; };
		A5D554CD247BF0510014A397 /* AppDelegate.swift */ = {isa = PBXFileReference; lastKnownFileType = sourcecode.swift; path = AppDelegate.swift; sourceTree = "<group>"; };
		A5D554CF247BF0510014A397 /* SceneDelegate.swift */ = {isa = PBXFileReference; lastKnownFileType = sourcecode.swift; path = SceneDelegate.swift; sourceTree = "<group>"; };
		A5D554D1247BF0510014A397 /* ContentView.swift */ = {isa = PBXFileReference; lastKnownFileType = sourcecode.swift; path = ContentView.swift; sourceTree = "<group>"; };
		A5D554D3247BF0580014A397 /* Assets.xcassets */ = {isa = PBXFileReference; lastKnownFileType = folder.assetcatalog; path = Assets.xcassets; sourceTree = "<group>"; };
		A5D554D6247BF0580014A397 /* Preview Assets.xcassets */ = {isa = PBXFileReference; lastKnownFileType = folder.assetcatalog; path = "Preview Assets.xcassets"; sourceTree = "<group>"; };
		A5D554D9247BF0580014A397 /* Base */ = {isa = PBXFileReference; lastKnownFileType = file.storyboard; name = Base; path = Base.lproj/LaunchScreen.storyboard; sourceTree = "<group>"; };
		A5D554DB247BF0580014A397 /* Info.plist */ = {isa = PBXFileReference; lastKnownFileType = text.plist.xml; path = Info.plist; sourceTree = "<group>"; };
		A5D554E0247BF0590014A397 /* MemorizeTests.xctest */ = {isa = PBXFileReference; explicitFileType = wrapper.cfbundle; includeInIndex = 0; path = MemorizeTests.xctest; sourceTree = BUILT_PRODUCTS_DIR; };
		A5D554E4247BF0590014A397 /* MemorizeTests.swift */ = {isa = PBXFileReference; lastKnownFileType = sourcecode.swift; path = MemorizeTests.swift; sourceTree = "<group>"; };
		A5D554E6247BF0590014A397 /* Info.plist */ = {isa = PBXFileReference; lastKnownFileType = text.plist.xml; path = Info.plist; sourceTree = "<group>"; };
		A5D554EB247BF0590014A397 /* MemorizeUITests.xctest */ = {isa = PBXFileReference; explicitFileType = wrapper.cfbundle; includeInIndex = 0; path = MemorizeUITests.xctest; sourceTree = BUILT_PRODUCTS_DIR; };
		A5D554EF247BF0590014A397 /* MemorizeUITests.swift */ = {isa = PBXFileReference; lastKnownFileType = sourcecode.swift; path = MemorizeUITests.swift; sourceTree = "<group>"; };
		A5D554F1247BF0590014A397 /* Info.plist */ = {isa = PBXFileReference; lastKnownFileType = text.plist.xml; path = Info.plist; sourceTree = "<group>"; };
		A5D554FD247DB7470014A397 /* MemoryGame.swift */ = {isa = PBXFileReference; lastKnownFileType = sourcecode.swift; path = MemoryGame.swift; sourceTree = "<group>"; };
		A5D554FF247DB97A0014A397 /* EmojiMemoryGame.swift */ = {isa = PBXFileReference; lastKnownFileType = sourcecode.swift; path = EmojiMemoryGame.swift; sourceTree = "<group>"; };
/* End PBXFileReference section */

/* Begin PBXFrameworksBuildPhase section */
		A5D554C7247BF0510014A397 /* Frameworks */ = {
			isa = PBXFrameworksBuildPhase;
			buildActionMask = 2147483647;
			files = (
			);
			runOnlyForDeploymentPostprocessing = 0;
		};
		A5D554DD247BF0590014A397 /* Frameworks */ = {
			isa = PBXFrameworksBuildPhase;
			buildActionMask = 2147483647;
			files = (
			);
			runOnlyForDeploymentPostprocessing = 0;
		};
		A5D554E8247BF0590014A397 /* Frameworks */ = {
			isa = PBXFrameworksBuildPhase;
			buildActionMask = 2147483647;
			files = (
			);
			runOnlyForDeploymentPostprocessing = 0;
		};
/* End PBXFrameworksBuildPhase section */

/* Begin PBXGroup section */
		A5D554C1247BF0510014A397 = {
			isa = PBXGroup;
			children = (
				A5D554CC247BF0510014A397 /* Memorize */,
				A5D554E3247BF0590014A397 /* MemorizeTests */,
				A5D554EE247BF0590014A397 /* MemorizeUITests */,
				A5D554CB247BF0510014A397 /* Products */,
			);
			sourceTree = "<group>";
		};
		A5D554CB247BF0510014A397 /* Products */ = {
			isa = PBXGroup;
			children = (
				A5D554CA247BF0510014A397 /* Memorize.app */,
				A5D554E0247BF0590014A397 /* MemorizeTests.xctest */,
				A5D554EB247BF0590014A397 /* MemorizeUITests.xctest */,
			);
			name = Products;
			sourceTree = "<group>";
		};
		A5D554CC247BF0510014A397 /* Memorize */ = {
			isa = PBXGroup;
			children = (
				A5D554CD247BF0510014A397 /* AppDelegate.swift */,
				A5D554CF247BF0510014A397 /* SceneDelegate.swift */,
				A5D554D1247BF0510014A397 /* ContentView.swift */,
				A5D554FF247DB97A0014A397 /* EmojiMemoryGame.swift */,
				A5D554FD247DB7470014A397 /* MemoryGame.swift */,
				A5D554D3247BF0580014A397 /* Assets.xcassets */,
				A5D554D8247BF0580014A397 /* LaunchScreen.storyboard */,
				A5D554DB247BF0580014A397 /* Info.plist */,
				A5D554D5247BF0580014A397 /* Preview Content */,
			);
			path = Memorize;
			sourceTree = "<group>";
		};
		A5D554D5247BF0580014A397 /* Preview Content */ = {
			isa = PBXGroup;
			children = (
				A5D554D6247BF0580014A397 /* Preview Assets.xcassets */,
			);
			path = "Preview Content";
			sourceTree = "<group>";
		};
		A5D554E3247BF0590014A397 /* MemorizeTests */ = {
			isa = PBXGroup;
			children = (
				A5D554E4247BF0590014A397 /* MemorizeTests.swift */,
				A5D554E6247BF0590014A397 /* Info.plist */,
			);
			path = MemorizeTests;
			sourceTree = "<group>";
		};
		A5D554EE247BF0590014A397 /* MemorizeUITests */ = {
			isa = PBXGroup;
			children = (
				A5D554EF247BF0590014A397 /* MemorizeUITests.swift */,
				A5D554F1247BF0590014A397 /* Info.plist */,
			);
			path = MemorizeUITests;
			sourceTree = "<group>";
		};
/* End PBXGroup section */

/* Begin PBXNativeTarget section */
		A5D554C9247BF0510014A397 /* Memorize */ = {
			isa = PBXNativeTarget;
			buildConfigurationList = A5D554F4247BF0590014A397 /* Build configuration list for PBXNativeTarget "Memorize" */;
			buildPhases = (
				A5D554C6247BF0510014A397 /* Sources */,
				A5D554C7247BF0510014A397 /* Frameworks */,
				A5D554C8247BF0510014A397 /* Resources */,
			);
			buildRules = (
			);
			dependencies = (
			);
			name = Memorize;
			productName = Memorize;
			productReference = A5D554CA247BF0510014A397 /* Memorize.app */;
			productType = "com.apple.product-type.application";
		};
		A5D554DF247BF0590014A397 /* MemorizeTests */ = {
			isa = PBXNativeTarget;
			buildConfigurationList = A5D554F7247BF0590014A397 /* Build configuration list for PBXNativeTarget "MemorizeTests" */;
			buildPhases = (
				A5D554DC247BF0590014A397 /* Sources */,
				A5D554DD247BF0590014A397 /* Frameworks */,
				A5D554DE247BF0590014A397 /* Resources */,
			);
			buildRules = (
			);
			dependencies = (
				A5D554E2247BF0590014A397 /* PBXTargetDependency */,
			);
			name = MemorizeTests;
			productName = MemorizeTests;
			productReference = A5D554E0247BF0590014A397 /* MemorizeTests.xctest */;
			productType = "com.apple.product-type.bundle.unit-test";
		};
		A5D554EA247BF0590014A397 /* MemorizeUITests */ = {
			isa = PBXNativeTarget;
			buildConfigurationList = A5D554FA247BF0590014A397 /* Build configuration list for PBXNativeTarget "MemorizeUITests" */;
			buildPhases = (
				A5D554E7247BF0590014A397 /* Sources */,
				A5D554E8247BF0590014A397 /* Frameworks */,
				A5D554E9247BF0590014A397 /* Resources */,
			);
			buildRules = (
			);
			dependencies = (
				A5D554ED247BF0590014A397 /* PBXTargetDependency */,
			);
			name = MemorizeUITests;
			productName = MemorizeUITests;
			productReference = A5D554EB247BF0590014A397 /* MemorizeUITests.xctest */;
			productType = "com.apple.product-type.bundle.ui-testing";
		};
/* End PBXNativeTarget section */

/* Begin PBXProject section */
		A5D554C2247BF0510014A397 /* Project object */ = {
			isa = PBXProject;
			attributes = {
				LastSwiftUpdateCheck = 1150;
				LastUpgradeCheck = 1150;
				ORGANIZATIONNAME = revanthAVS;
				TargetAttributes = {
					A5D554C9247BF0510014A397 = {
						CreatedOnToolsVersion = 11.5;
					};
					A5D554DF247BF0590014A397 = {
						CreatedOnToolsVersion = 11.5;
						TestTargetID = A5D554C9247BF0510014A397;
					};
					A5D554EA247BF0590014A397 = {
						CreatedOnToolsVersion = 11.5;
						TestTargetID = A5D554C9247BF0510014A397;
					};
				};
			};
			buildConfigurationList = A5D554C5247BF0510014A397 /* Build configuration list for PBXProject "Memorize" */;
			compatibilityVersion = "Xcode 9.3";
			developmentRegion = en;
			hasScannedForEncodings = 0;
			knownRegions = (
				en,
				Base,
			);
			mainGroup = A5D554C1247BF0510014A397;
			productRefGroup = A5D554CB247BF0510014A397 /* Products */;
			projectDirPath = "";
			projectRoot = "";
			targets = (
				A5D554C9247BF0510014A397 /* Memorize */,
				A5D554DF247BF0590014A397 /* MemorizeTests */,
				A5D554EA247BF0590014A397 /* MemorizeUITests */,
			);
		};
/* End PBXProject section */

/* Begin PBXResourcesBuildPhase section */
		A5D554C8247BF0510014A397 /* Resources */ = {
			isa = PBXResourcesBuildPhase;
			buildActionMask = 2147483647;
			files = (
				A5D554DA247BF0580014A397 /* LaunchScreen.storyboard in Resources */,
				A5D554D7247BF0580014A397 /* Preview Assets.xcassets in Resources */,
				A5D554D4247BF0580014A397 /* Assets.xcassets in Resources */,
			);
			runOnlyForDeploymentPostprocessing = 0;
		};
		A5D554DE247BF0590014A397 /* Resources */ = {
			isa = PBXResourcesBuildPhase;
			buildActionMask = 2147483647;
			files = (
			);
			runOnlyForDeploymentPostprocessing = 0;
		};
		A5D554E9247BF0590014A397 /* Resources */ = {
			isa = PBXResourcesBuildPhase;
			buildActionMask = 2147483647;
			files = (
			);
			runOnlyForDeploymentPostprocessing = 0;
		};
/* End PBXResourcesBuildPhase section */

/* Begin PBXSourcesBuildPhase section */
		A5D554C6247BF0510014A397 /* Sources */ = {
			isa = PBXSourcesBuildPhase;
			buildActionMask = 2147483647;
			files = (
				A5D554CE247BF0510014A397 /* AppDelegate.swift in Sources */,
				A5D554D0247BF0510014A397 /* SceneDelegate.swift in Sources */,
				A5D554FE247DB7470014A397 /* MemoryGame.swift in Sources */,
				A5D554D2247BF0510014A397 /* ContentView.swift in Sources */,
				A5D55500247DB97A0014A397 /* EmojiMemoryGame.swift in Sources */,
			);
			runOnlyForDeploymentPostprocessing = 0;
		};
		A5D554DC247BF0590014A397 /* Sources */ = {
			isa = PBXSourcesBuildPhase;
			buildActionMask = 2147483647;
			files = (
				A5D554E5247BF0590014A397 /* MemorizeTests.swift in Sources */,
			);
			runOnlyForDeploymentPostprocessing = 0;
		};
		A5D554E7247BF0590014A397 /* Sources */ = {
			isa = PBXSourcesBuildPhase;
			buildActionMask = 2147483647;
			files = (
				A5D554F0247BF0590014A397 /* MemorizeUITests.swift in Sources */,
			);
			runOnlyForDeploymentPostprocessing = 0;
		};
/* End PBXSourcesBuildPhase section */

/* Begin PBXTargetDependency section */
		A5D554E2247BF0590014A397 /* PBXTargetDependency */ = {
			isa = PBXTargetDependency;
			target = A5D554C9247BF0510014A397 /* Memorize */;
			targetProxy = A5D554E1247BF0590014A397 /* PBXContainerItemProxy */;
		};
		A5D554ED247BF0590014A397 /* PBXTargetDependency */ = {
			isa = PBXTargetDependency;
			target = A5D554C9247BF0510014A397 /* Memorize */;
			targetProxy = A5D554EC247BF0590014A397 /* PBXContainerItemProxy */;
		};
/* End PBXTargetDependency section */

/* Begin PBXVariantGroup section */
		A5D554D8247BF0580014A397 /* LaunchScreen.storyboard */ = {
			isa = PBXVariantGroup;
			children = (
				A5D554D9247BF0580014A397 /* Base */,
			);
			name = LaunchScreen.storyboard;
			sourceTree = "<group>";
		};
/* End PBXVariantGroup section */

/* Begin XCBuildConfiguration section */
		A5D554F2247BF0590014A397 /* Debug */ = {
			isa = XCBuildConfiguration;
			buildSettings = {
				ALWAYS_SEARCH_USER_PATHS = NO;
				CLANG_ANALYZER_NONNULL = YES;
				CLANG_ANALYZER_NUMBER_OBJECT_CONVERSION = YES_AGGRESSIVE;
				CLANG_CXX_LANGUAGE_STANDARD = "gnu++14";
				CLANG_CXX_LIBRARY = "libc++";
				CLANG_ENABLE_MODULES = YES;
				CLANG_ENABLE_OBJC_ARC = YES;
				CLANG_ENABLE_OBJC_WEAK = YES;
				CLANG_WARN_BLOCK_CAPTURE_AUTORELEASING = YES;
				CLANG_WARN_BOOL_CONVERSION = YES;
				CLANG_WARN_COMMA = YES;
				CLANG_WARN_CONSTANT_CONVERSION = YES;
				CLANG_WARN_DEPRECATED_OBJC_IMPLEMENTATIONS = YES;
				CLANG_WARN_DIRECT_OBJC_ISA_USAGE = YES_ERROR;
				CLANG_WARN_DOCUMENTATION_COMMENTS = YES;
				CLANG_WARN_EMPTY_BODY = YES;
				CLANG_WARN_ENUM_CONVERSION = YES;
				CLANG_WARN_INFINITE_RECURSION = YES;
				CLANG_WARN_INT_CONVERSION = YES;
				CLANG_WARN_NON_LITERAL_NULL_CONVERSION = YES;
				CLANG_WARN_OBJC_IMPLICIT_RETAIN_SELF = YES;
				CLANG_WARN_OBJC_LITERAL_CONVERSION = YES;
				CLANG_WARN_OBJC_ROOT_CLASS = YES_ERROR;
				CLANG_WARN_RANGE_LOOP_ANALYSIS = YES;
				CLANG_WARN_STRICT_PROTOTYPES = YES;
				CLANG_WARN_SUSPICIOUS_MOVE = YES;
				CLANG_WARN_UNGUARDED_AVAILABILITY = YES_AGGRESSIVE;
				CLANG_WARN_UNREACHABLE_CODE = YES;
				CLANG_WARN__DUPLICATE_METHOD_MATCH = YES;
				COPY_PHASE_STRIP = NO;
				DEBUG_INFORMATION_FORMAT = dwarf;
				ENABLE_STRICT_OBJC_MSGSEND = YES;
				ENABLE_TESTABILITY = YES;
				GCC_C_LANGUAGE_STANDARD = gnu11;
				GCC_DYNAMIC_NO_PIC = NO;
				GCC_NO_COMMON_BLOCKS = YES;
				GCC_OPTIMIZATION_LEVEL = 0;
				GCC_PREPROCESSOR_DEFINITIONS = (
					"DEBUG=1",
					"$(inherited)",
				);
				GCC_WARN_64_TO_32_BIT_CONVERSION = YES;
				GCC_WARN_ABOUT_RETURN_TYPE = YES_ERROR;
				GCC_WARN_UNDECLARED_SELECTOR = YES;
				GCC_WARN_UNINITIALIZED_AUTOS = YES_AGGRESSIVE;
				GCC_WARN_UNUSED_FUNCTION = YES;
				GCC_WARN_UNUSED_VARIABLE = YES;
				IPHONEOS_DEPLOYMENT_TARGET = 13.5;
				MTL_ENABLE_DEBUG_INFO = INCLUDE_SOURCE;
				MTL_FAST_MATH = YES;
				ONLY_ACTIVE_ARCH = YES;
				SDKROOT = iphoneos;
				SWIFT_ACTIVE_COMPILATION_CONDITIONS = DEBUG;
				SWIFT_OPTIMIZATION_LEVEL = "-Onone";
			};
			name = Debug;
		};
		A5D554F3247BF0590014A397 /* Release */ = {
			isa = XCBuildConfiguration;
			buildSettings = {
				ALWAYS_SEARCH_USER_PATHS = NO;
				CLANG_ANALYZER_NONNULL = YES;
				CLANG_ANALYZER_NUMBER_OBJECT_CONVERSION = YES_AGGRESSIVE;
				CLANG_CXX_LANGUAGE_STANDARD = "gnu++14";
				CLANG_CXX_LIBRARY = "libc++";
				CLANG_ENABLE_MODULES = YES;
				CLANG_ENABLE_OBJC_ARC = YES;
				CLANG_ENABLE_OBJC_WEAK = YES;
				CLANG_WARN_BLOCK_CAPTURE_AUTORELEASING = YES;
				CLANG_WARN_BOOL_CONVERSION = YES;
				CLANG_WARN_COMMA = YES;
				CLANG_WARN_CONSTANT_CONVERSION = YES;
				CLANG_WARN_DEPRECATED_OBJC_IMPLEMENTATIONS = YES;
				CLANG_WARN_DIRECT_OBJC_ISA_USAGE = YES_ERROR;
				CLANG_WARN_DOCUMENTATION_COMMENTS = YES;
				CLANG_WARN_EMPTY_BODY = YES;
				CLANG_WARN_ENUM_CONVERSION = YES;
				CLANG_WARN_INFINITE_RECURSION = YES;
				CLANG_WARN_INT_CONVERSION = YES;
				CLANG_WARN_NON_LITERAL_NULL_CONVERSION = YES;
				CLANG_WARN_OBJC_IMPLICIT_RETAIN_SELF = YES;
				CLANG_WARN_OBJC_LITERAL_CONVERSION = YES;
				CLANG_WARN_OBJC_ROOT_CLASS = YES_ERROR;
				CLANG_WARN_RANGE_LOOP_ANALYSIS = YES;
				CLANG_WARN_STRICT_PROTOTYPES = YES;
				CLANG_WARN_SUSPICIOUS_MOVE = YES;
				CLANG_WARN_UNGUARDED_AVAILABILITY = YES_AGGRESSIVE;
				CLANG_WARN_UNREACHABLE_CODE = YES;
				CLANG_WARN__DUPLICATE_METHOD_MATCH = YES;
				COPY_PHASE_STRIP = NO;
				DEBUG_INFORMATION_FORMAT = "dwarf-with-dsym";
				ENABLE_NS_ASSERTIONS = NO;
				ENABLE_STRICT_OBJC_MSGSEND = YES;
				GCC_C_LANGUAGE_STANDARD = gnu11;
				GCC_NO_COMMON_BLOCKS = YES;
				GCC_WARN_64_TO_32_BIT_CONVERSION = YES;
				GCC_WARN_ABOUT_RETURN_TYPE = YES_ERROR;
				GCC_WARN_UNDECLARED_SELECTOR = YES;
				GCC_WARN_UNINITIALIZED_AUTOS = YES_AGGRESSIVE;
				GCC_WARN_UNUSED_FUNCTION = YES;
				GCC_WARN_UNUSED_VARIABLE = YES;
				IPHONEOS_DEPLOYMENT_TARGET = 13.5;
				MTL_ENABLE_DEBUG_INFO = NO;
				MTL_FAST_MATH = YES;
				SDKROOT = iphoneos;
				SWIFT_COMPILATION_MODE = wholemodule;
				SWIFT_OPTIMIZATION_LEVEL = "-O";
				VALIDATE_PRODUCT = YES;
			};
			name = Release;
		};
		A5D554F5247BF0590014A397 /* Debug */ = {
			isa = XCBuildConfiguration;
			buildSettings = {
				ASSETCATALOG_COMPILER_APPICON_NAME = AppIcon;
				CODE_SIGN_STYLE = Automatic;
				DEVELOPMENT_ASSET_PATHS = "\"Memorize/Preview Content\"";
				ENABLE_PREVIEWS = YES;
				INFOPLIST_FILE = Memorize/Info.plist;
				LD_RUNPATH_SEARCH_PATHS = (
					"$(inherited)",
					"@executable_path/Frameworks",
				);
				PRODUCT_BUNDLE_IDENTIFIER = "revanthavs-gmail.com.Memorize";
				PRODUCT_NAME = "$(TARGET_NAME)";
				SWIFT_VERSION = 5.0;
				TARGETED_DEVICE_FAMILY = "1,2";
			};
			name = Debug;
		};
		A5D554F6247BF0590014A397 /* Release */ = {
			isa = XCBuildConfiguration;
			buildSettings = {
				ASSETCATALOG_COMPILER_APPICON_NAME = AppIcon;
				CODE_SIGN_STYLE = Automatic;
				DEVELOPMENT_ASSET_PATHS = "\"Memorize/Preview Content\"";
				ENABLE_PREVIEWS = YES;
				INFOPLIST_FILE = Memorize/Info.plist;
				LD_RUNPATH_SEARCH_PATHS = (
					"$(inherited)",
					"@executable_path/Frameworks",
				);
				PRODUCT_BUNDLE_IDENTIFIER = "revanthavs-gmail.com.Memorize";
				PRODUCT_NAME = "$(TARGET_NAME)";
				SWIFT_VERSION = 5.0;
				TARGETED_DEVICE_FAMILY = "1,2";
			};
			name = Release;
		};
		A5D554F8247BF0590014A397 /* Debug */ = {
			isa = XCBuildConfiguration;
			buildSettings = {
				ALWAYS_EMBED_SWIFT_STANDARD_LIBRARIES = YES;
				BUNDLE_LOADER = "$(TEST_HOST)";
				CODE_SIGN_STYLE = Automatic;
				INFOPLIST_FILE = MemorizeTests/Info.plist;
				IPHONEOS_DEPLOYMENT_TARGET = 13.5;
				LD_RUNPATH_SEARCH_PATHS = (
					"$(inherited)",
					"@executable_path/Frameworks",
					"@loader_path/Frameworks",
				);
				PRODUCT_BUNDLE_IDENTIFIER = "revanthavs-gmail.com.MemorizeTests";
				PRODUCT_NAME = "$(TARGET_NAME)";
				SWIFT_VERSION = 5.0;
				TARGETED_DEVICE_FAMILY = "1,2";
				TEST_HOST = "$(BUILT_PRODUCTS_DIR)/Memorize.app/Memorize";
			};
			name = Debug;
		};
		A5D554F9247BF0590014A397 /* Release */ = {
			isa = XCBuildConfiguration;
			buildSettings = {
				ALWAYS_EMBED_SWIFT_STANDARD_LIBRARIES = YES;
				BUNDLE_LOADER = "$(TEST_HOST)";
				CODE_SIGN_STYLE = Automatic;
				INFOPLIST_FILE = MemorizeTests/Info.plist;
				IPHONEOS_DEPLOYMENT_TARGET = 13.5;
				LD_RUNPATH_SEARCH_PATHS = (
					"$(inherited)",
					"@executable_path/Frameworks",
					"@loader_path/Frameworks",
				);
				PRODUCT_BUNDLE_IDENTIFIER = "revanthavs-gmail.com.MemorizeTests";
				PRODUCT_NAME = "$(TARGET_NAME)";
				SWIFT_VERSION = 5.0;
				TARGETED_DEVICE_FAMILY = "1,2";
				TEST_HOST = "$(BUILT_PRODUCTS_DIR)/Memorize.app/Memorize";
			};
			name = Release;
		};
		A5D554FB247BF0590014A397 /* Debug */ = {
			isa = XCBuildConfiguration;
			buildSettings = {
				ALWAYS_EMBED_SWIFT_STANDARD_LIBRARIES = YES;
				CODE_SIGN_STYLE = Automatic;
				INFOPLIST_FILE = MemorizeUITests/Info.plist;
				LD_RUNPATH_SEARCH_PATHS = (
					"$(inherited)",
					"@executable_path/Frameworks",
					"@loader_path/Frameworks",
				);
				PRODUCT_BUNDLE_IDENTIFIER = "revanthavs-gmail.com.MemorizeUITests";
				PRODUCT_NAME = "$(TARGET_NAME)";
				SWIFT_VERSION = 5.0;
				TARGETED_DEVICE_FAMILY = "1,2";
				TEST_TARGET_NAME = Memorize;
			};
			name = Debug;
		};
		A5D554FC247BF0590014A397 /* Release */ = {
			isa = XCBuildConfiguration;
			buildSettings = {
				ALWAYS_EMBED_SWIFT_STANDARD_LIBRARIES = YES;
				CODE_SIGN_STYLE = Automatic;
				INFOPLIST_FILE = MemorizeUITests/Info.plist;
				LD_RUNPATH_SEARCH_PATHS = (
					"$(inherited)",
					"@executable_path/Frameworks",
					"@loader_path/Frameworks",
				);
				PRODUCT_BUNDLE_IDENTIFIER = "revanthavs-gmail.com.MemorizeUITests";
				PRODUCT_NAME = "$(TARGET_NAME)";
				SWIFT_VERSION = 5.0;
				TARGETED_DEVICE_FAMILY = "1,2";
				TEST_TARGET_NAME = Memorize;
			};
			name = Release;
		};
/* End XCBuildConfiguration section */

/* Begin XCConfigurationList section */
		A5D554C5247BF0510014A397 /* Build configuration list for PBXProject "Memorize" */ = {
			isa = XCConfigurationList;
			buildConfigurations = (
				A5D554F2247BF0590014A397 /* Debug */,
				A5D554F3247BF0590014A397 /* Release */,
			);
			defaultConfigurationIsVisible = 0;
			defaultConfigurationName = Release;
		};
		A5D554F4247BF0590014A397 /* Build configuration list for PBXNativeTarget "Memorize" */ = {
			isa = XCConfigurationList;
			buildConfigurations = (
				A5D554F5247BF0590014A397 /* Debug */,
				A5D554F6247BF0590014A397 /* Release */,
			);
			defaultConfigurationIsVisible = 0;
			defaultConfigurationName = Release;
		};
		A5D554F7247BF0590014A397 /* Build configuration list for PBXNativeTarget "MemorizeTests" */ = {
			isa = XCConfigurationList;
			buildConfigurations = (
				A5D554F8247BF0590014A397 /* Debug */,
				A5D554F9247BF0590014A397 /* Release */,
			);
			defaultConfigurationIsVisible = 0;
			defaultConfigurationName = Release;
		};
		A5D554FA247BF0590014A397 /* Build configuration list for PBXNativeTarget "MemorizeUITests" */ = {
			isa = XCConfigurationList;
			buildConfigurations = (
				A5D554FB247BF0590014A397 /* Debug */,
				A5D554FC247BF0590014A397 /* Release */,
			);
			defaultConfigurationIsVisible = 0;
			defaultConfigurationName = Release;
		};
/* End XCConfigurationList section */
	};
	rootObject = A5D554C2247BF0510014A397 /* Project object */;
}
